
Microsoft Visual Studio Solution File, Format Version 12.00
# Visual Studio Version 17
VisualStudioVersion = 17.5.002.0
MinimumVisualStudioVersion = 10.0.40219.1
Project("{9A19103F-16F7-4668-BE54-9A1E7A4F7556}") = "NetMVC", "NetMVC\NetMVC.csproj", "{7AF44110-EB1A-4C02-B6D0-AB7026ECDA66}"
EndProject
Global
	GlobalSection(SolutionConfigurationPlatforms) = preSolution
		Debug|Any CPU = Debug|Any CPU
		Release|Any CPU = Release|Any CPU
	EndGlobalSection
	GlobalSection(ProjectConfigurationPlatforms) = postSolution
		{7AF44110-EB1A-4C02-B6D0-AB7026ECDA66}.Debug|Any CPU.ActiveCfg = Debug|Any CPU
		{7AF44110-EB1A-4C02-B6D0-AB7026ECDA66}.Debug|Any CPU.Build.0 = Debug|Any CPU
		{7AF44110-EB1A-4C02-B6D0-AB7026ECDA66}.Release|Any CPU.ActiveCfg = Release|Any CPU
		{7AF44110-EB1A-4C02-B6D0-AB7026ECDA66}.Release|Any CPU.Build.0 = Release|Any CPU
	EndGlobalSection
	GlobalSection(SolutionProperties) = preSolution
		HideSolutionNode = FALSE
	EndGlobalSection
	GlobalSection(ExtensibilityGlobals) = postSolution
		SolutionGuid = {DDEE51AC-12B7-48C0-97B2-1090CD3F6C09}
	EndGlobalSection
EndGlobal
